
Microsoft Visual Studio Solution File, Format Version 12.00
# Visual Studio Version 17
VisualStudioVersion = 17.14.36203.30 d17.14
MinimumVisualStudioVersion = 10.0.40219.1
Project("{FAE04EC0-301F-11D3-BF4B-00C04F79EFBC}") = "Relatorios", "Relatorios\Relatorios.csproj", "{20DFD6D7-BC99-4420-B423-6FD8B0AEA2DF}"
EndProject
Global
	GlobalSection(SolutionConfigurationPlatforms) = preSolution
		Debug|Any CPU = Debug|Any CPU
		Release|Any CPU = Release|Any CPU
	EndGlobalSection
	GlobalSection(ProjectConfigurationPlatforms) = postSolution
		{20DFD6D7-BC99-4420-B423-6FD8B0AEA2DF}.Debug|Any CPU.ActiveCfg = Debug|Any CPU
		{20DFD6D7-BC99-4420-B423-6FD8B0AEA2DF}.Debug|Any CPU.Build.0 = Debug|Any CPU
		{20DFD6D7-BC99-4420-B423-6FD8B0AEA2DF}.Release|Any CPU.ActiveCfg = Release|Any CPU
		{20DFD6D7-BC99-4420-B423-6FD8B0AEA2DF}.Release|Any CPU.Build.0 = Release|Any CPU
	EndGlobalSection
	GlobalSection(SolutionProperties) = preSolution
		HideSolutionNode = FALSE
	EndGlobalSection
	GlobalSection(ExtensibilityGlobals) = postSolution
		SolutionGuid = {99239A7D-F466-4882-8470-AE5D5A057CAC}
	EndGlobalSection
EndGlobal
